
Microsoft Visual Studio Solution File, Format Version 12.00
# Visual Studio Version 17
VisualStudioVersion = 17.1.32210.238
MinimumVisualStudioVersion = 10.0.40219.1
Project("{FAE04EC0-301F-11D3-BF4B-00C04F79EFBC}") = "Priprema2", "Priprema2\Priprema2.csproj", "{C0086516-8A43-44C8-8A49-6F9B59C2E737}"
EndProject
Global
	GlobalSection(SolutionConfigurationPlatforms) = preSolution
		Debug|Any CPU = Debug|Any CPU
		Release|Any CPU = Release|Any CPU
	EndGlobalSection
	GlobalSection(ProjectConfigurationPlatforms) = postSolution
		{C0086516-8A43-44C8-8A49-6F9B59C2E737}.Debug|Any CPU.ActiveCfg = Debug|Any CPU
		{C0086516-8A43-44C8-8A49-6F9B59C2E737}.Debug|Any CPU.Build.0 = Debug|Any CPU
		{C0086516-8A43-44C8-8A49-6F9B59C2E737}.Release|Any CPU.ActiveCfg = Release|Any CPU
		{C0086516-8A43-44C8-8A49-6F9B59C2E737}.Release|Any CPU.Build.0 = Release|Any CPU
	EndGlobalSection
	GlobalSection(SolutionProperties) = preSolution
		HideSolutionNode = FALSE
	EndGlobalSection
	GlobalSection(ExtensibilityGlobals) = postSolution
		SolutionGuid = {F5C87C66-68E7-436B-9B3F-2E6F980049CF}
	EndGlobalSection
EndGlobal
